
Microsoft Visual Studio Solution File, Format Version 12.00
# Visual Studio Version 17
VisualStudioVersion = 17.3.32901.215
MinimumVisualStudioVersion = 10.0.40219.1
Project("{FAE04EC0-301F-11D3-BF4B-00C04F79EFBC}") = "Reflactor", "Reflactor.csproj", "{6AA1F794-0D5F-4D6A-97E4-89E6E5C64824}"
EndProject
Global
	GlobalSection(SolutionConfigurationPlatforms) = preSolution
		Debug|Any CPU = Debug|Any CPU
		Release|Any CPU = Release|Any CPU
	EndGlobalSection
	GlobalSection(ProjectConfigurationPlatforms) = postSolution
		{6AA1F794-0D5F-4D6A-97E4-89E6E5C64824}.Debug|Any CPU.ActiveCfg = Debug|Any CPU
		{6AA1F794-0D5F-4D6A-97E4-89E6E5C64824}.Debug|Any CPU.Build.0 = Debug|Any CPU
		{6AA1F794-0D5F-4D6A-97E4-89E6E5C64824}.Release|Any CPU.ActiveCfg = Release|Any CPU
		{6AA1F794-0D5F-4D6A-97E4-89E6E5C64824}.Release|Any CPU.Build.0 = Release|Any CPU
	EndGlobalSection
	GlobalSection(SolutionProperties) = preSolution
		HideSolutionNode = FALSE
	EndGlobalSection
	GlobalSection(ExtensibilityGlobals) = postSolution
		SolutionGuid = {6FDD6FCC-E92C-4DA2-9E8A-65EA9AC4A697}
	EndGlobalSection
EndGlobal
